# This file is automatically @generated by Cargo.
# It is not intended for manual editing.
version = 3

[[package]]
name = "arbitrary"
version = "1.0.2"
source = "registry+https://github.com/rust-lang/crates.io-index"
checksum = "577b08a4acd7b99869f863c50011b01eb73424ccc798ecd996f2e24817adfca7"

[[package]]
name = "array-ops"
version = "0.1.0"
source = "registry+https://github.com/rust-lang/crates.io-index"
checksum = "cc9118422b9f472e9f49c2775cbf92c1b2740bd74278fd66cad3dc7b5fa2c7ca"
dependencies = [
 "rand_core",
 "rand_xoshiro",
]

[[package]]
name = "bitmaps"
version = "3.1.0"
source = "registry+https://github.com/rust-lang/crates.io-index"
checksum = "303cec55cd9c5fde944b061b902f142b52a8bb5438cc822481ea1e3ebc96bbcb"

[[package]]
name = "rand_core"
version = "0.5.1"
source = "registry+https://github.com/rust-lang/crates.io-index"
checksum = "90bde5296fc891b0cef12a6d03ddccc162ce7b2aff54160af9338f8d40df6d19"

[[package]]
name = "rand_xoshiro"
version = "0.4.0"
source = "registry+https://github.com/rust-lang/crates.io-index"
checksum = "a9fcdd2e881d02f1d9390ae47ad8e5696a9e4be7b547a1da2afbc61973217004"
dependencies = [
 "rand_core",
]

[[package]]
name = "refpool"
version = "0.4.3"
source = "registry+https://github.com/rust-lang/crates.io-index"
checksum = "369e86b80fa7dc8c561dd9613a5bf25c59d2d3073cd66c47fd9e39802f0ecb58"

[[package]]
name = "sp-sized-chunks"
version = "0.1.0"
dependencies = [
 "arbitrary",
 "array-ops",
 "bitmaps",
 "refpool",
]
